{
  "name": "todo_1",
  "version": "0.1.0",
  "lockfileVersion": 3,
  "requires": true,
  "packages": {
    "": {
      "name": "todo_1",
      "version": "0.1.0",
      "license": "ISC",
      "dependencies": {
        "@emotion/react": "^11.11.4",
        "@emotion/styled": "^11.11.5",
        "@mui/material": "^5.15.19",
        "@mui/styled-engine": "^5.15.14",
        "@testing-library/jest-dom": "^5.17.0",
        "@testing-library/react": "^13.4.0",
        "@testing-library/user-event": "^13.5.0",
        "react": "^18.3.1",
        "react-dom": "^18.3.1",
        "react-scripts": "5.0.1",
        "web-vitals": "^2.1.4"
      },
      "devDependencies": {
        "gh-pages": "^6.1.1"
      }
    },
    "node_modules/@adobe/css-tools": {
      "version": "4.3.3",
      "resolved": "https://registry.npmjs.org/@adobe/css-tools/-/css-tools-4.3.3.tgz",
      "integrity": "sha512-rE0Pygv0sEZ4vBWHlAgJLGDU7Pm8xoO6p3wsEceb7GYAjScrOHpEo8KK/eVkAcnSM+slAEtXjA2JpdjLp4fJQQ=="
    },
    "node_modules/@alloc/quick-lru": {
      "version": "5.2.0",
      "resolved": "https://registry.npmjs.org/@alloc/quick-lru/-/quick-lru-5.2.0.tgz",
      "integrity": "sha512-UrcABB+4bUrFABwbluTIBErXwvbsU/V7TZWfmbgJfbkwiBuziS9gxdODUyuiecfdGQ85jglMW6juS3+z5TsKLw==",
      "engines": {
        "node": ">=10"
      },
      "funding": {
        "url": "https://github.com/sponsors/sindresorhus"
      }
    },
    "node_modules/@ampproject/remapping": {
      "version": "2.3.0",
      "resolved": "https://registry.npmjs.org/@ampproject/remapping/-/remapping-2.3.0.tgz",
      "integrity": "sha512-30iZtAPgz+LTIYoeivqYo853f02jBYSd5uGnGpkFV0M3xOt9aN73erkgYAmZU43x4VfqcnLxW9Kpg3R5LC4YYw==",
      "dependencies": {
        "@jridgewell/gen-mapping": "^0.3.5",
        "@jridgewell/trace-mapping": "^0.3.24"
      },
      "engines": {
        "node": ">=6.0.0"
      }
    },
    "node_modules/@babel/code-frame": {
      "version": "7.24.6",
      "resolved": "https://registry.npmjs.org/@babel/code-frame/-/code-frame-7.24.6.tgz",
      "integrity": "sha512-ZJhac6FkEd1yhG2AHOmfcXG4ceoLltoCVJjN5XsWN9BifBQr+cHJbWi0h68HZuSORq+3WtJ2z0hwF2NG1b5kcA==",
      "dependencies": {
        "@babel/highlight": "^7.24.6",
        "picocolors": "^1.0.0"
      },
      "engines": {
        "node": ">=6.9.0"
      }
    },
    "node_modules/@babel/compat-data": {
      "version": "7.24.6",
      "resolved": "https://registry.npmjs.org/@babel/compat-data/-/compat-data-7.24.6.tgz",
      "integrity": "sha512-aC2DGhBq5eEdyXWqrDInSqQjO0k8xtPRf5YylULqx8MCd6jBtzqfta/3ETMRpuKIc5hyswfO80ObyA1MvkCcUQ==",
      "engines": {
        "node": ">=6.9.0"
      }
    },
    "node_modules/@babel/core": {
      "version": "7.24.6",
      "resolved": "https://registry.npmjs.org/@babel/core/-/core-7.24.6.tgz",
      "integrity": "sha512-qAHSfAdVyFmIvl0VHELib8xar7ONuSHrE2hLnsaWkYNTI68dmi1x8GYDhJjMI/e7XWal9QBlZkwbOnkcw7Z8gQ==",
      "dependencies": {
        "@ampproject/remapping": "^2.2.0",
        "@babel/code-frame": "^7.24.6",
        "@babel/generator": "^7.24.6",
        "@babel/helper-compilation-targets": "^7.24.6",
        "@babel/helper-module-transforms": "^7.24.6",
        "@babel/helpers": "^7.24.6",
        "@babel/parser": "^7.24.6",
        "@babel/template": "^7.24.6",
        "@babel/traverse": "^7.24.6",
        "@babel/types": "^7.24.6",
        "convert-source-map": "^2.0.0",
        "debug": "^4.1.0",
        "gensync": "^1.0.0-beta.2",
        "json5": "^2.2.3",
        "semver": "^6.3.1"
      },
      "engines": {
        "node": ">=6.9.0"
      },
      "funding": {
        "type": "opencollective",
        "url": "https://opencollective.com/babel"
      }
    },
    "node_modules/@babel/core/node_modules/semver": {
      "version": "6.3.1",
      "resolved": "https://registry.npmjs.org/semver/-/semver-6.3.1.tgz",
      "integrity": "sha512-BR7VvDCVHO+q2xBEWskxS6DJE1qRnb7DxzUrogb71CWoSficBxYsiAGd+Kl0mmq/MprG9yArRkyrQxTO6XjMzA==",
      "bin": {
        "semver": "bin/semver.js"
      }
    },
    "node_modules/@babel/eslint-parser": {
      "version": "7.24.6",
      "resolved": "https://registry.npmjs.org/@babel/eslint-parser/-/eslint-parser-7.24.6.tgz",
      "integrity": "sha512-Q1BfQX42zXHx732PLW0w4+Y3wJjoZKEMaatFUEAmQ7Z+jCXxinzeqX9bvv2Q8xNPes/H6F0I23oGkcgjaItmLw==",
      "dependencies": {
        "@nicolo-ribaudo/eslint-scope-5-internals": "5.1.1-v1",
        "eslint-visitor-keys": "^2.1.0",
        "semver": "^6.3.1"
      },
      "engines": {
        "node": "^10.13.0 || ^12.13.0 || >=14.0.0"
      },
      "peerDependencies": {
        "@babel/core": "^7.11.0",
        "eslint": "^7.5.0 || ^8.0.0 || ^9.0.0"
      }
    },
    "node_modules/@babel/eslint-parser/node_modules/eslint-visitor-keys": {
      "version": "2.1.0",
      "resolved": "https://registry.npmjs.org/eslint-visitor-keys/-/eslint-visitor-keys-2.1.0.tgz",
      "integrity": "sha512-0rSmRBzXgDzIsD6mGdJgevzgezI534Cer5L/vyMX0kHzT/jiB43jRhd9YUlMGYLQy2zprNmoT8qasCGtY+QaKw==",
      "engines": {
        "node": ">=10"
      }
    },
    "node_modules/@babel/eslint-parser/node_modules/semver": {
      "version": "6.3.1",
      "resolved": "https://registry.npmjs.org/semver/-/semver-6.3.1.tgz",
      "integrity": "sha512-BR7VvDCVHO+q2xBEWskxS6DJE1qRnb7DxzUrogb71CWoSficBxYsiAGd+Kl0mmq/MprG9yArRkyrQxTO6XjMzA==",
      "bin": {
        "semver": "bin/semver.js"
      }
    },
    "node_modules/@babel/generator": {
      "version": "7.24.6",
      "resolved": "https://registry.npmjs.org/@babel/generator/-/generator-7.24.6.tgz",
      "integrity": "sha512-S7m4eNa6YAPJRHmKsLHIDJhNAGNKoWNiWefz1MBbpnt8g9lvMDl1hir4P9bo/57bQEmuwEhnRU/AMWsD0G/Fbg==",
      "dependencies": {
        "@babel/types": "^7.24.6",
        "@jridgewell/gen-mapping": "^0.3.5",
        "@jridgewell/trace-mapping": "^0.3.25",
        "jsesc": "^2.5.1"
      },
      "engines": {
        "node": ">=6.9.0"
      }
    },
    "node_modules/@babel/helper-annotate-as-pure": {
      "version": "7.24.6",
      "resolved": "https://registry.npmjs.org/@babel/helper-annotate-as-pure/-/helper-annotate-as-pure-7.24.6.tgz",
      "integrity": "sha512-DitEzDfOMnd13kZnDqns1ccmftwJTS9DMkyn9pYTxulS7bZxUxpMly3Nf23QQ6NwA4UB8lAqjbqWtyvElEMAkg==",
      "dependencies": {
        "@babel/types": "^7.24.6"
      },
      "engines": {
        "node": ">=6.9.0"
      }
    },
    "node_modules/@babel/helper-builder-binary-assignment-operator-visitor": {
      "version": "7.24.6",
      "resolved": "https://registry.npmjs.org/@babel/helper-builder-binary-assignment-operator-visitor/-/helper-builder-binary-assignment-operator-visitor-7.24.6.tgz",
      "integrity": "sha512-+wnfqc5uHiMYtvRX7qu80Toef8BXeh4HHR1SPeonGb1SKPniNEd4a/nlaJJMv/OIEYvIVavvo0yR7u10Gqz0Iw==",
      "dependencies": {
        "@babel/types": "^7.24.6"
      },
      "engines": {
        "node": ">=6.9.0"
      }
    },
    "node_modules/@babel/helper-compilation-targets": {
      "version": "7.24.6",
      "resolved": "https://registry.npmjs.org/@babel/helper-compilation-targets/-/helper-compilation-targets-7.24.6.tgz",
      "integrity": "sha512-VZQ57UsDGlX/5fFA7GkVPplZhHsVc+vuErWgdOiysI9Ksnw0Pbbd6pnPiR/mmJyKHgyIW0c7KT32gmhiF+cirg==",
      "dependencies": {
        "@babel/compat-data": "^7.24.6",
        "@babel/helper-validator-option": "^7.24.6",
        "browserslist": "^4.22.2",
        "lru-cache": "^5.1.1",
        "semver": "^6.3.1"
      },
      "engines": {
        "node": ">=6.9.0"
      }
    },
    "node_modules/@babel/helper-compilation-targets/node_modules/semver": {
      "version": "6.3.1",
      "resolved": "https://registry.npmjs.org/semver/-/semver-6.3.1.tgz",
      "integrity": "sha512-BR7VvDCVHO+q2xBEWskxS6DJE1qRnb7DxzUrogb71CWoSficBxYsiAGd+Kl0mmq/MprG9yArRkyrQxTO6XjMzA==",
      "bin": {
        "semver": "bin/semver.js"
      }
    },
    "node_modules/@babel/helper-create-class-features-plugin": {
      "version": "7.24.6",
      "resolved": "https://registry.npmjs.org/@babel/helper-create-class-features-plugin/-/helper-create-class-features-plugin-7.24.6.tgz",
      "integrity": "sha512-djsosdPJVZE6Vsw3kk7IPRWethP94WHGOhQTc67SNXE0ZzMhHgALw8iGmYS0TD1bbMM0VDROy43od7/hN6WYcA==",
      "dependencies": {
        "@babel/helper-annotate-as-pure": "^7.24.6",
        "@babel/helper-environment-visitor": "^7.24.6",
        "@babel/helper-function-name": "^7.24.6",
        "@babel/helper-member-expression-to-functions": "^7.24.6",
        "@babel/helper-optimise-call-expression": "^7.24.6",
        "@babel/helper-replace-supers": "^7.24.6",
        "@babel/helper-skip-transparent-expression-wrappers": "^7.24.6",
        "@babel/helper-split-export-declaration": "^7.24.6",
        "semver": "^6.3.1"
      },
      "engines": {
        "node": ">=6.9.0"
      },
      "peerDependencies": {
        "@babel/core": "^7.0.0"
      }
    },
    "node_modules/@babel/helper-create-class-features-plugin/node_modules/semver": {
      "version": "6.3.1",
      "resolved": "https://registry.npmjs.org/semver/-/semver-6.3.1.tgz",
      "integrity": "sha512-BR7VvDCVHO+q2xBEWskxS6DJE1qRnb7DxzUrogb71CWoSficBxYsiAGd+Kl0mmq/MprG9yArRkyrQxTO6XjMzA==",
      "bin": {
        "semver": "bin/semver.js"
      }
    },
    "node_modules/@babel/helper-create-regexp-features-plugin": {
      "version": "7.24.6",
      "resolved": "https://registry.npmjs.org/@babel/helper-create-regexp-features-plugin/-/helper-create-regexp-features-plugin-7.24.6.tgz",
      "integrity": "sha512-C875lFBIWWwyv6MHZUG9HmRrlTDgOsLWZfYR0nW69gaKJNe0/Mpxx5r0EID2ZdHQkdUmQo2t0uNckTL08/1BgA==",
      "dependencies": {
        "@babel/helper-annotate-as-pure": "^7.24.6",
        "regexpu-core": "^5.3.1",
        "semver": "^6.3.1"
      },
      "engines": {
        "node": ">=6.9.0"
      },
      "peerDependencies": {
        "@babel/core": "^7.0.0"
      }
    },
    "node_modules/@babel/helper-create-regexp-features-plugin/node_modules/semver": {
      "version": "6.3.1",
      "resolved": "https://registry.npmjs.org/semver/-/semver-6.3.1.tgz",
      "integrity": "sha512-BR7VvDCVHO+q2xBEWskxS6DJE1qRnb7DxzUrogb71CWoSficBxYsiAGd+Kl0mmq/MprG9yArRkyrQxTO6XjMzA==",
      "bin": {
        "semver": "bin/semver.js"
      }
    },
    "node_modules/@babel/helper-define-polyfill-provider": {
      "version": "0.6.2",
      "resolved": "https://registry.npmjs.org/@babel/helper-define-polyfill-provider/-/helper-define-polyfill-provider-0.6.2.tgz",
      "integrity": "sha512-LV76g+C502biUK6AyZ3LK10vDpDyCzZnhZFXkH1L75zHPj68+qc8Zfpx2th+gzwA2MzyK+1g/3EPl62yFnVttQ==",
      "dependencies": {
        "@babel/helper-compilation-targets": "^7.22.6",
        "@babel/helper-plugin-utils": "^7.22.5",
        "debug": "^4.1.1",
        "lodash.debounce": "^4.0.8",
        "resolve": "^1.14.2"
      },
      "peerDependencies": {
        "@babel/core": "^7.4.0 || ^8.0.0-0 <8.0.0"
      }
    },
    "node_modules/@babel/helper-environment-visitor": {
      "version": "7.24.6",
      "resolved": "https://registry.npmjs.org/@babel/helper-environment-visitor/-/helper-environment-visitor-7.24.6.tgz",
      "integrity": "sha512-Y50Cg3k0LKLMjxdPjIl40SdJgMB85iXn27Vk/qbHZCFx/o5XO3PSnpi675h1KEmmDb6OFArfd5SCQEQ5Q4H88g==",
      "engines": {
        "node": ">=6.9.0"
      }
    },
    "node_modules/@babel/helper-function-name": {
      "version": "7.24.6",
      "resolved": "https://registry.npmjs.org/@babel/helper-function-name/-/helper-function-name-7.24.6.tgz",
      "integrity": "sha512-xpeLqeeRkbxhnYimfr2PC+iA0Q7ljX/d1eZ9/inYbmfG2jpl8Lu3DyXvpOAnrS5kxkfOWJjioIMQsaMBXFI05w==",
      "dependencies": {
        "@babel/template": "^7.24.6",
        "@babel/types": "^7.24.6"
      },
      "engines": {
        "node": ">=6.9.0"
      }
    },
    "node_modules/@babel/helper-hoist-variables": {
      "version": "7.24.6",
      "resolved": "https://registry.npmjs.org/@babel/helper-hoist-variables/-/helper-hoist-variables-7.24.6.tgz",
      "integrity": "sha512-SF/EMrC3OD7dSta1bLJIlrsVxwtd0UpjRJqLno6125epQMJ/kyFmpTT4pbvPbdQHzCHg+biQ7Syo8lnDtbR+uA==",
      "dependencies": {
        "@babel/types": "^7.24.6"
      },
      "engines": {
        "node": ">=6.9.0"
      }
    },
    "node_modules/@babel/helper-member-expression-to-functions": {
      "version": "7.24.6",
      "resolved": "https://registry.npmjs.org/@babel/helper-member-expression-to-functions/-/helper-member-expression-to-functions-7.24.6.tgz",
      "integrity": "sha512-OTsCufZTxDUsv2/eDXanw/mUZHWOxSbEmC3pP8cgjcy5rgeVPWWMStnv274DV60JtHxTk0adT0QrCzC4M9NWGg==",
      "dependencies": {
        "@babel/types": "^7.24.6"
      },
      "engines": {
        "node": ">=6.9.0"
      }
    },
    "node_modules/@babel/helper-module-imports": {
      "version": "7.24.6",
      "resolved": "https://registry.npmjs.org/@babel/helper-module-imports/-/helper-module-imports-7.24.6.tgz",
      "integrity": "sha512-a26dmxFJBF62rRO9mmpgrfTLsAuyHk4e1hKTUkD/fcMfynt8gvEKwQPQDVxWhca8dHoDck+55DFt42zV0QMw5g==",
      "dependencies": {
        "@babel/types": "^7.24.6"
      },
      "engines": {
        "node": ">=6.9.0"
      }
    },
    "node_modules/@babel/helper-module-transforms": {
      "version": "7.24.6",
      "resolved": "https://registry.npmjs.org/@babel/helper-module-transforms/-/helper-module-transforms-7.24.6.tgz",
      "integrity": "sha512-Y/YMPm83mV2HJTbX1Qh2sjgjqcacvOlhbzdCCsSlblOKjSYmQqEbO6rUniWQyRo9ncyfjT8hnUjlG06RXDEmcA==",
      "dependencies": {
        "@babel/helper-environment-visitor": "^7.24.6",
        "@babel/helper-module-imports": "^7.24.6",
        "@babel/helper-simple-access": "^7.24.6",
        "@babel/helper-split-export-declaration": "^7.24.6",
        "@babel/helper-validator-identifier": "^7.24.6"
      },
      "engines": {
        "node": ">=6.9.0"
      },
      "peerDependencies": {
        "@babel/core": "^7.0.0"
      }
    },
    "node_modules/@babel/helper-optimise-call-expression": {
      "version": "7.24.6",
      "resolved": "https://registry.npmjs.org/@babel/helper-optimise-call-expression/-/helper-optimise-call-expression-7.24.6.tgz",
      "integrity": "sha512-3SFDJRbx7KuPRl8XDUr8O7GAEB8iGyWPjLKJh/ywP/Iy9WOmEfMrsWbaZpvBu2HSYn4KQygIsz0O7m8y10ncMA==",
      "dependencies": {
        "@babel/types": "^7.24.6"
      },
      "engines": {
        "node": ">=6.9.0"
      }
    },
    "node_modules/@babel/helper-plugin-utils": {
      "version": "7.24.6",
      "resolved": "https://registry.npmjs.org/@babel/helper-plugin-utils/-/helper-plugin-utils-7.24.6.tgz",
      "integrity": "sha512-MZG/JcWfxybKwsA9N9PmtF2lOSFSEMVCpIRrbxccZFLJPrJciJdG/UhSh5W96GEteJI2ARqm5UAHxISwRDLSNg==",
      "engines": {
        "node": ">=6.9.0"
      }
    },
    "node_modules/@babel/helper-remap-async-to-generator": {
      "version": "7.24.6",
      "resolved": "https://registry.npmjs.org/@babel/helper-remap-async-to-generator/-/helper-remap-async-to-generator-7.24.6.tgz",
      "integrity": "sha512-1Qursq9ArRZPAMOZf/nuzVW8HgJLkTB9y9LfP4lW2MVp4e9WkLJDovfKBxoDcCk6VuzIxyqWHyBoaCtSRP10yg==",
      "dependencies": {
        "@babel/helper-annotate-as-pure": "^7.24.6",
        "@babel/helper-environment-visitor": "^7.24.6",
        "@babel/helper-wrap-function": "^7.24.6"
      },
      "engines": {
        "node": ">=6.9.0"
      },
      "peerDependencies": {
        "@babel/core": "^7.0.0"
      }
    },
    "node_modules/@babel/helper-replace-supers": {
      "version": "7.24.6",
      "resolved": "https://registry.npmjs.org/@babel/helper-replace-supers/-/helper-replace-supers-7.24.6.tgz",
      "integrity": "sha512-mRhfPwDqDpba8o1F8ESxsEkJMQkUF8ZIWrAc0FtWhxnjfextxMWxr22RtFizxxSYLjVHDeMgVsRq8BBZR2ikJQ==",
      "dependencies": {
        "@babel/helper-environment-visitor": "^7.24.6",
        "@babel/helper-member-expression-to-functions": "^7.24.6",
        "@babel/helper-optimise-call-expression": "^7.24.6"
      },
      "engines": {
        "node": ">=6.9.0"
      },
      "peerDependencies": {
        "@babel/core": "^7.0.0"
      }
    },
    "node_modules/@babel/helper-simple-access": {
      "version": "7.24.6",
      "resolved": "https://registry.npmjs.org/@babel/helper-simple-access/-/helper-simple-access-7.24.6.tgz",
      "integrity": "sha512-nZzcMMD4ZhmB35MOOzQuiGO5RzL6tJbsT37Zx8M5L/i9KSrukGXWTjLe1knIbb/RmxoJE9GON9soq0c0VEMM5g==",
      "dependencies": {
        "@babel/types": "^7.24.6"
      },
      "engines": {
        "node": ">=6.9.0"
